# This file is generated by running "yarn install" inside your project.
# Manual changes might be lost - proceed with caution!

__metadata:
  version: 6
  cacheKey: 8

"@babel/helper-string-parser@npm:^7.23.4":
  version: 7.24.1
  resolution: "@babel/helper-string-parser@npm:7.24.1"
  checksum: 8404e865b06013979a12406aab4c0e8d2e377199deec09dfe9f57b833b0c9ce7b6e8c1c553f2da8d0bcd240c5005bd7a269f4fef0d628aeb7d5fe035c436fb67
  languageName: node
  linkType: hard

"@babel/helper-validator-identifier@npm:^7.22.20":
  version: 7.22.20
  resolution: "@babel/helper-validator-identifier@npm:7.22.20"
  checksum: 136412784d9428266bcdd4d91c32bcf9ff0e8d25534a9d94b044f77fe76bc50f941a90319b05aafd1ec04f7d127cd57a179a3716009ff7f3412ef835ada95bdc
  languageName: node
  linkType: hard

"@babel/parser@npm:^7.23.9":
  version: 7.24.4
  resolution: "@babel/parser@npm:7.24.4"
  bin:
    parser: ./bin/babel-parser.js
  checksum: 94c9e3e592894cd6fc57c519f4e06b65463df9be5f01739bb0d0bfce7ffcf99b3c2fdadd44dc59cc858ba2739ce6e469813a941c2f2dfacf333a3b2c9c5c8465
  languageName: node
  linkType: hard

"@babel/types@npm:^7.8.3":
  version: 7.24.0
  resolution: "@babel/types@npm:7.24.0"
  dependencies:
    "@babel/helper-string-parser": ^7.23.4
    "@babel/helper-validator-identifier": ^7.22.20
    to-fast-properties: ^2.0.0
  checksum: 4b574a37d490f621470ff36a5afaac6deca5546edcb9b5e316d39acbb20998e9c2be42f3fc0bf2b55906fc49ff2a5a6a097e8f5a726ee3f708a0b0ca93aed807
  languageName: node
  linkType: hard

"@volar/language-core@npm:2.2.0-alpha.8":
  version: 2.2.0-alpha.8
  resolution: "@volar/language-core@npm:2.2.0-alpha.8"
  dependencies:
    "@volar/source-map": 2.2.0-alpha.8
  checksum: 440ef99953414184ec9816219560a08600a6821949f6d24de68b94cf50cf98b0846920faa9c13b58845fc600fe1f0c49472c2eb4b79b1677a5a5c39216e33c57
  languageName: node
  linkType: hard

"@volar/source-map@npm:2.2.0-alpha.8":
  version: 2.2.0-alpha.8
  resolution: "@volar/source-map@npm:2.2.0-alpha.8"
  dependencies:
    muggle-string: ^0.4.0
  checksum: 1f6cb99f942a3f3bafac6e998793b4119c166585292275592ba5568b7948704e2e204174acefb9b6ccc719a4e66d4805aa1057935e6e3babe4efb78f14e307a5
  languageName: node
  linkType: hard

"@volar/typescript@npm:2.2.0-alpha.8":
  version: 2.2.0-alpha.8
  resolution: "@volar/typescript@npm:2.2.0-alpha.8"
  dependencies:
    "@volar/language-core": 2.2.0-alpha.8
    path-browserify: ^1.0.1
  checksum: 74e0a909c0a6f08e476cd0554b4c6f5b1b26a656fb7f513572d0a491257696861e1aaf0298711f0bf19473f64dd4c5032cb95954c52703bf9152b327250da35a
  languageName: node
  linkType: hard

"@vue/compiler-core@npm:3.4.21":
  version: 3.4.21
  resolution: "@vue/compiler-core@npm:3.4.21"
  dependencies:
    "@babel/parser": ^7.23.9
    "@vue/shared": 3.4.21
    entities: ^4.5.0
    estree-walker: ^2.0.2
    source-map-js: ^1.0.2
  checksum: 0d6b7732bc5ca5b4561526bbe646f9acd09cd70561b6c822d15856347f21a009ebf30f2f85b1b7500f24f7c0333a2af8ee645c389abe52485c1f4724c982b306
  languageName: node
  linkType: hard

"@vue/compiler-dom@npm:^3.4.0":
  version: 3.4.21
  resolution: "@vue/compiler-dom@npm:3.4.21"
  dependencies:
    "@vue/compiler-core": 3.4.21
    "@vue/shared": 3.4.21
  checksum: f53e4f4e0afc954cede91a8cbeb3a4e053531a43a0f5999d1b18da443ca3f1f6fc9344a8741c72c5719a61bb34e18004ac88e16747bcf145ebc8a31188263690
  languageName: node
  linkType: hard

"@vue/language-core@npm:2.0.13":
  version: 2.0.13
  resolution: "@vue/language-core@npm:2.0.13"
  dependencies:
    "@volar/language-core": 2.2.0-alpha.8
    "@vue/compiler-dom": ^3.4.0
    "@vue/shared": ^3.4.0
    computeds: ^0.0.1
    minimatch: ^9.0.3
    path-browserify: ^1.0.1
    vue-template-compiler: ^2.7.14
  peerDependencies:
    typescript: "*"
  peerDependenciesMeta:
    typescript:
      optional: true
  checksum: 5f1961cd7ef0aee705e4f21375b57ce8c12d4d31a2f2446275a6b30eb5ef948dea1675322e04e269f63ac722e048aa7d3caa556b072f938e5144172a60f06117
  languageName: node
  linkType: hard

"@vue/shared@npm:3.4.21, @vue/shared@npm:^3.4.0":
  version: 3.4.21
  resolution: "@vue/shared@npm:3.4.21"
  checksum: 5f30a408911f339c647baa88c45c3a2f6d58dbdaf2bd404753690f24b612717bdfe9050401d8ffb02613a9a06dd0b43c8307420cd69fda6e92e6d65bf9bc0c6f
  languageName: node
  linkType: hard

"@vue/typescript-plugin@npm:2.0.13":
  version: 2.0.13
  resolution: "@vue/typescript-plugin@npm:2.0.13"
  dependencies:
    "@volar/typescript": 2.2.0-alpha.8
    "@vue/language-core": 2.0.13
    "@vue/shared": ^3.4.0
  checksum: d7da31952acd9f73a55a3e82007dabfca4538321dac3e5da5d9dabddb63860be36a14b06d276171b81bbef79df1232cb0f1f1a065b704b30b5c11dada0c0661a
  languageName: node
  linkType: hard

"balanced-match@npm:^1.0.0":
  version: 1.0.2
  resolution: "balanced-match@npm:1.0.2"
  checksum: 9706c088a283058a8a99e0bf91b0a2f75497f185980d9ffa8b304de1d9e58ebda7c72c07ebf01dadedaac5b2907b2c6f566f660d62bd336c3468e960403b9d65
  languageName: node
  linkType: hard

"brace-expansion@npm:^2.0.1":
  version: 2.0.1
  resolution: "brace-expansion@npm:2.0.1"
  dependencies:
    balanced-match: ^1.0.0
  checksum: a61e7cd2e8a8505e9f0036b3b6108ba5e926b4b55089eeb5550cd04a471fe216c96d4fe7e4c7f995c728c554ae20ddfc4244cad10aef255e72b62930afd233d1
  languageName: node
  linkType: hard

"computeds@npm:^0.0.1":
  version: 0.0.1
  resolution: "computeds@npm:0.0.1"
  checksum: 9d81c5850b7c48072253e15e369f72da22288e9d6a9be32adc2729ba076dddec51078e84e00dae9c567cdb2c6e1dd5981f985561b519976a29f1ecc9869779f2
  languageName: node
  linkType: hard

"de-indent@npm:^1.0.2":
  version: 1.0.2
  resolution: "de-indent@npm:1.0.2"
  checksum: 8deacc0f4a397a4414a0fc4d0034d2b7782e7cb4eaf34943ea47754e08eccf309a0e71fa6f56cc48de429ede999a42d6b4bca761bf91683be0095422dbf24611
  languageName: node
  linkType: hard

"entities@npm:^4.5.0":
  version: 4.5.0
  resolution: "entities@npm:4.5.0"
  checksum: 853f8ebd5b425d350bffa97dd6958143179a5938352ccae092c62d1267c4e392a039be1bae7d51b6e4ffad25f51f9617531fedf5237f15df302ccfb452cbf2d7
  languageName: node
  linkType: hard

"estree-walker@npm:^2.0.2":
  version: 2.0.2
  resolution: "estree-walker@npm:2.0.2"
  checksum: 6151e6f9828abe2259e57f5fd3761335bb0d2ebd76dc1a01048ccee22fabcfef3c0859300f6d83ff0d1927849368775ec5a6d265dde2f6de5a1be1721cd94efc
  languageName: node
  linkType: hard

"he@npm:^1.2.0":
  version: 1.2.0
  resolution: "he@npm:1.2.0"
  bin:
    he: bin/he
  checksum: 3d4d6babccccd79c5c5a3f929a68af33360d6445587d628087f39a965079d84f18ce9c3d3f917ee1e3978916fc833bb8b29377c3b403f919426f91bc6965e7a7
  languageName: node
  linkType: hard

"minimatch@npm:^9.0.3":
  version: 9.0.4
  resolution: "minimatch@npm:9.0.4"
  dependencies:
    brace-expansion: ^2.0.1
  checksum: cf717f597ec3eed7dabc33153482a2e8d49f4fd3c26e58fd9c71a94c5029a0838728841b93f46bf1263b65a8010e2ee800d0dc9b004ab8ba8b6d1ec07cc115b5
  languageName: node
  linkType: hard

"muggle-string@npm:^0.4.0":
  version: 0.4.1
  resolution: "muggle-string@npm:0.4.1"
  checksum: 85fe1766d18d43cf22b6da7d047203a65b2e2b1ccfac505b699c2a459644f95ebb3c854a96db5be559eea0e213f6ee32b986b8c2f73c48e6c89e1fd829616532
  languageName: node
  linkType: hard

"path-browserify@npm:^1.0.1":
  version: 1.0.1
  resolution: "path-browserify@npm:1.0.1"
  checksum: c6d7fa376423fe35b95b2d67990060c3ee304fc815ff0a2dc1c6c3cfaff2bd0d572ee67e18f19d0ea3bbe32e8add2a05021132ac40509416459fffee35200699
  languageName: node
  linkType: hard

"root-workspace-0b6124@workspace:.":
  version: 0.0.0-use.local
  resolution: "root-workspace-0b6124@workspace:."
  dependencies:
    "@vue/typescript-plugin": 2.0.13
  languageName: unknown
  linkType: soft

"source-map-js@npm:^1.0.2":
  version: 1.2.0
  resolution: "source-map-js@npm:1.2.0"
  checksum: 791a43306d9223792e84293b00458bf102a8946e7188f3db0e4e22d8d530b5f80a4ce468eb5ec0bf585443ad55ebbd630bf379c98db0b1f317fd902500217f97
  languageName: node
  linkType: hard

"to-fast-properties@npm:^2.0.0":
  version: 2.0.0
  resolution: "to-fast-properties@npm:2.0.0"
  checksum: be2de62fe58ead94e3e592680052683b1ec986c72d589e7b21e5697f8744cdbf48c266fa72f6c15932894c10187b5f54573a3bcf7da0bfd964d5caf23d436168
  languageName: node
  linkType: hard

"vue-template-compiler@npm:^2.7.14":
  version: 2.7.16
  resolution: "vue-template-compiler@npm:2.7.16"
  dependencies:
    de-indent: ^1.0.2
    he: ^1.2.0
  checksum: a0d52ecbb99bad37f370341b5c594c5caa1f72b15b3f225148ef378fc06aa25c93185ef061f7e6e5e443c9067e70d8f158742716112acf84088932ebcc49ad10
  languageName: node
  linkType: hard
